
Microsoft Visual Studio Solution File, Format Version 12.00
# Visual Studio 14
VisualStudioVersion = 14.0.25420.1
MinimumVisualStudioVersion = 10.0.40219.1
Project("{FAE04EC0-301F-11D3-BF4B-00C04F79EFBC}") = "CodeBloodedFinal", "CodeBloodedFinal\CodeBloodedFinal.csproj", "{F51DD6D7-9043-41C9-BCF2-10BDFEFEAE19}"
EndProject
Project("{FAE04EC0-301F-11D3-BF4B-00C04F79EFBC}") = "SloganHealth", "SloganHealth\SloganHealth.csproj", "{B0C21DB9-738A-43F0-8878-A8EE7B8E54E6}"
EndProject
Global
	GlobalSection(SolutionConfigurationPlatforms) = preSolution
		Debug|Any CPU = Debug|Any CPU
		Release|Any CPU = Release|Any CPU
	EndGlobalSection
	GlobalSection(ProjectConfigurationPlatforms) = postSolution
		{F51DD6D7-9043-41C9-BCF2-10BDFEFEAE19}.Debug|Any CPU.ActiveCfg = Debug|Any CPU
		{F51DD6D7-9043-41C9-BCF2-10BDFEFEAE19}.Debug|Any CPU.Build.0 = Debug|Any CPU
		{F51DD6D7-9043-41C9-BCF2-10BDFEFEAE19}.Release|Any CPU.ActiveCfg = Release|Any CPU
		{F51DD6D7-9043-41C9-BCF2-10BDFEFEAE19}.Release|Any CPU.Build.0 = Release|Any CPU
		{B0C21DB9-738A-43F0-8878-A8EE7B8E54E6}.Debug|Any CPU.ActiveCfg = Debug|Any CPU
		{B0C21DB9-738A-43F0-8878-A8EE7B8E54E6}.Debug|Any CPU.Build.0 = Debug|Any CPU
		{B0C21DB9-738A-43F0-8878-A8EE7B8E54E6}.Release|Any CPU.ActiveCfg = Release|Any CPU
		{B0C21DB9-738A-43F0-8878-A8EE7B8E54E6}.Release|Any CPU.Build.0 = Release|Any CPU
	EndGlobalSection
	GlobalSection(SolutionProperties) = preSolution
		HideSolutionNode = FALSE
	EndGlobalSection
EndGlobal
